
Microsoft Visual Studio Solution File, Format Version 12.00
# Visual Studio Version 17
VisualStudioVersion = 17.0.31903.59
MinimumVisualStudioVersion = 10.0.40219.1
Project("{2150E333-8FDC-42A3-9474-1A3956D46DE8}") = "src", "src", "{827E0CD3-B72D-47B6-A68D-7590B98EB39B}"
EndProject
Project("{2150E333-8FDC-42A3-9474-1A3956D46DE8}") = "Host", "Host", "{981C2CF6-E5BB-602A-511C-234B538302B0}"
EndProject
Project("{FAE04EC0-301F-11D3-BF4B-00C04F79EFBC}") = "Muonroi.Modular.Host", "src\Host\Muonroi.Modular.Host\Muonroi.Modular.Host.csproj", "{9665921E-72A9-4226-A9F0-326F47C408F7}"
EndProject
Project("{2150E333-8FDC-42A3-9474-1A3956D46DE8}") = "Shared", "Shared", "{C8E42992-5E42-0C2B-DBFE-AA848D06431C}"
EndProject
Project("{FAE04EC0-301F-11D3-BF4B-00C04F79EFBC}") = "Muonroi.Modular.Shared", "src\Shared\Muonroi.Modular.Shared\Muonroi.Modular.Shared.csproj", "{40CD2169-788A-4A6B-B8EC-881D7B12AA1B}"
EndProject
Project("{FAE04EC0-301F-11D3-BF4B-00C04F79EFBC}") = "Muonroi.Modular.Kernel", "src\Shared\Muonroi.Modular.Kernel\Muonroi.Modular.Kernel.csproj", "{5AD161DD-1A5F-4E07-95D4-456F12A6858B}"
EndProject
Project("{2150E333-8FDC-42A3-9474-1A3956D46DE8}") = "Modules", "Modules", "{EC447DCF-ABFA-6E24-52A5-D7FD48A5C558}"
EndProject
Project("{2150E333-8FDC-42A3-9474-1A3956D46DE8}") = "Identity", "Identity", "{0EC62A1A-9858-3A60-8A0C-FC9AACFA2EC7}"
EndProject
Project("{FAE04EC0-301F-11D3-BF4B-00C04F79EFBC}") = "Muonroi.Modular.Modules.Identity", "src\Modules\Identity\Muonroi.Modular.Modules.Identity.csproj", "{A294252F-BD2E-4E7F-B45E-45776C41C090}"
EndProject
Project("{2150E333-8FDC-42A3-9474-1A3956D46DE8}") = "Catalog", "Catalog", "{1E1EF545-4C18-AEE2-B997-7EF431518D3F}"
EndProject
Project("{FAE04EC0-301F-11D3-BF4B-00C04F79EFBC}") = "Muonroi.Modular.Modules.Catalog", "src\Modules\Catalog\Muonroi.Modular.Modules.Catalog.csproj", "{5179F080-6B23-4675-BED1-C2A12D20A27E}"
EndProject
Global
	GlobalSection(SolutionConfigurationPlatforms) = preSolution
		Debug|Any CPU = Debug|Any CPU
		Debug|x64 = Debug|x64
		Debug|x86 = Debug|x86
		Release|Any CPU = Release|Any CPU
		Release|x64 = Release|x64
		Release|x86 = Release|x86
	EndGlobalSection
	GlobalSection(ProjectConfigurationPlatforms) = postSolution
		{9665921E-72A9-4226-A9F0-326F47C408F7}.Debug|Any CPU.ActiveCfg = Debug|Any CPU
		{9665921E-72A9-4226-A9F0-326F47C408F7}.Debug|Any CPU.Build.0 = Debug|Any CPU
		{9665921E-72A9-4226-A9F0-326F47C408F7}.Debug|x64.ActiveCfg = Debug|Any CPU
		{9665921E-72A9-4226-A9F0-326F47C408F7}.Debug|x64.Build.0 = Debug|Any CPU
		{9665921E-72A9-4226-A9F0-326F47C408F7}.Debug|x86.ActiveCfg = Debug|Any CPU
		{9665921E-72A9-4226-A9F0-326F47C408F7}.Debug|x86.Build.0 = Debug|Any CPU
		{9665921E-72A9-4226-A9F0-326F47C408F7}.Release|Any CPU.ActiveCfg = Release|Any CPU
		{9665921E-72A9-4226-A9F0-326F47C408F7}.Release|Any CPU.Build.0 = Release|Any CPU
		{9665921E-72A9-4226-A9F0-326F47C408F7}.Release|x64.ActiveCfg = Release|Any CPU
		{9665921E-72A9-4226-A9F0-326F47C408F7}.Release|x64.Build.0 = Release|Any CPU
		{9665921E-72A9-4226-A9F0-326F47C408F7}.Release|x86.ActiveCfg = Release|Any CPU
		{9665921E-72A9-4226-A9F0-326F47C408F7}.Release|x86.Build.0 = Release|Any CPU
		{40CD2169-788A-4A6B-B8EC-881D7B12AA1B}.Debug|Any CPU.ActiveCfg = Debug|Any CPU
		{40CD2169-788A-4A6B-B8EC-881D7B12AA1B}.Debug|Any CPU.Build.0 = Debug|Any CPU
		{40CD2169-788A-4A6B-B8EC-881D7B12AA1B}.Debug|x64.ActiveCfg = Debug|Any CPU
		{40CD2169-788A-4A6B-B8EC-881D7B12AA1B}.Debug|x64.Build.0 = Debug|Any CPU
		{40CD2169-788A-4A6B-B8EC-881D7B12AA1B}.Debug|x86.ActiveCfg = Debug|Any CPU
		{40CD2169-788A-4A6B-B8EC-881D7B12AA1B}.Debug|x86.Build.0 = Debug|Any CPU
		{40CD2169-788A-4A6B-B8EC-881D7B12AA1B}.Release|Any CPU.ActiveCfg = Release|Any CPU
		{40CD2169-788A-4A6B-B8EC-881D7B12AA1B}.Release|Any CPU.Build.0 = Release|Any CPU
		{40CD2169-788A-4A6B-B8EC-881D7B12AA1B}.Release|x64.ActiveCfg = Release|Any CPU
		{40CD2169-788A-4A6B-B8EC-881D7B12AA1B}.Release|x64.Build.0 = Release|Any CPU
		{40CD2169-788A-4A6B-B8EC-881D7B12AA1B}.Release|x86.ActiveCfg = Release|Any CPU
		{40CD2169-788A-4A6B-B8EC-881D7B12AA1B}.Release|x86.Build.0 = Release|Any CPU
		{5AD161DD-1A5F-4E07-95D4-456F12A6858B}.Debug|Any CPU.ActiveCfg = Debug|Any CPU
		{5AD161DD-1A5F-4E07-95D4-456F12A6858B}.Debug|Any CPU.Build.0 = Debug|Any CPU
		{5AD161DD-1A5F-4E07-95D4-456F12A6858B}.Debug|x64.ActiveCfg = Debug|Any CPU
		{5AD161DD-1A5F-4E07-95D4-456F12A6858B}.Debug|x64.Build.0 = Debug|Any CPU
		{5AD161DD-1A5F-4E07-95D4-456F12A6858B}.Debug|x86.ActiveCfg = Debug|Any CPU
		{5AD161DD-1A5F-4E07-95D4-456F12A6858B}.Debug|x86.Build.0 = Debug|Any CPU
		{5AD161DD-1A5F-4E07-95D4-456F12A6858B}.Release|Any CPU.ActiveCfg = Release|Any CPU
		{5AD161DD-1A5F-4E07-95D4-456F12A6858B}.Release|Any CPU.Build.0 = Release|Any CPU
		{5AD161DD-1A5F-4E07-95D4-456F12A6858B}.Release|x64.ActiveCfg = Release|Any CPU
		{5AD161DD-1A5F-4E07-95D4-456F12A6858B}.Release|x64.Build.0 = Release|Any CPU
		{5AD161DD-1A5F-4E07-95D4-456F12A6858B}.Release|x86.ActiveCfg = Release|Any CPU
		{5AD161DD-1A5F-4E07-95D4-456F12A6858B}.Release|x86.Build.0 = Release|Any CPU
		{A294252F-BD2E-4E7F-B45E-45776C41C090}.Debug|Any CPU.ActiveCfg = Debug|Any CPU
		{A294252F-BD2E-4E7F-B45E-45776C41C090}.Debug|Any CPU.Build.0 = Debug|Any CPU
		{A294252F-BD2E-4E7F-B45E-45776C41C090}.Debug|x64.ActiveCfg = Debug|Any CPU
		{A294252F-BD2E-4E7F-B45E-45776C41C090}.Debug|x64.Build.0 = Debug|Any CPU
		{A294252F-BD2E-4E7F-B45E-45776C41C090}.Debug|x86.ActiveCfg = Debug|Any CPU
		{A294252F-BD2E-4E7F-B45E-45776C41C090}.Debug|x86.Build.0 = Debug|Any CPU
		{A294252F-BD2E-4E7F-B45E-45776C41C090}.Release|Any CPU.ActiveCfg = Release|Any CPU
		{A294252F-BD2E-4E7F-B45E-45776C41C090}.Release|Any CPU.Build.0 = Release|Any CPU
		{A294252F-BD2E-4E7F-B45E-45776C41C090}.Release|x64.ActiveCfg = Release|Any CPU
		{A294252F-BD2E-4E7F-B45E-45776C41C090}.Release|x64.Build.0 = Release|Any CPU
		{A294252F-BD2E-4E7F-B45E-45776C41C090}.Release|x86.ActiveCfg = Release|Any CPU
		{A294252F-BD2E-4E7F-B45E-45776C41C090}.Release|x86.Build.0 = Release|Any CPU
		{5179F080-6B23-4675-BED1-C2A12D20A27E}.Debug|Any CPU.ActiveCfg = Debug|Any CPU
		{5179F080-6B23-4675-BED1-C2A12D20A27E}.Debug|Any CPU.Build.0 = Debug|Any CPU
		{5179F080-6B23-4675-BED1-C2A12D20A27E}.Debug|x64.ActiveCfg = Debug|Any CPU
		{5179F080-6B23-4675-BED1-C2A12D20A27E}.Debug|x64.Build.0 = Debug|Any CPU
		{5179F080-6B23-4675-BED1-C2A12D20A27E}.Debug|x86.ActiveCfg = Debug|Any CPU
		{5179F080-6B23-4675-BED1-C2A12D20A27E}.Debug|x86.Build.0 = Debug|Any CPU
		{5179F080-6B23-4675-BED1-C2A12D20A27E}.Release|Any CPU.ActiveCfg = Release|Any CPU
		{5179F080-6B23-4675-BED1-C2A12D20A27E}.Release|Any CPU.Build.0 = Release|Any CPU
		{5179F080-6B23-4675-BED1-C2A12D20A27E}.Release|x64.ActiveCfg = Release|Any CPU
		{5179F080-6B23-4675-BED1-C2A12D20A27E}.Release|x64.Build.0 = Release|Any CPU
		{5179F080-6B23-4675-BED1-C2A12D20A27E}.Release|x86.ActiveCfg = Release|Any CPU
		{5179F080-6B23-4675-BED1-C2A12D20A27E}.Release|x86.Build.0 = Release|Any CPU
	EndGlobalSection
	GlobalSection(SolutionProperties) = preSolution
		HideSolutionNode = FALSE
	EndGlobalSection
	GlobalSection(NestedProjects) = preSolution
		{981C2CF6-E5BB-602A-511C-234B538302B0} = {827E0CD3-B72D-47B6-A68D-7590B98EB39B}
		{9665921E-72A9-4226-A9F0-326F47C408F7} = {981C2CF6-E5BB-602A-511C-234B538302B0}
		{C8E42992-5E42-0C2B-DBFE-AA848D06431C} = {827E0CD3-B72D-47B6-A68D-7590B98EB39B}
		{40CD2169-788A-4A6B-B8EC-881D7B12AA1B} = {C8E42992-5E42-0C2B-DBFE-AA848D06431C}
		{5AD161DD-1A5F-4E07-95D4-456F12A6858B} = {C8E42992-5E42-0C2B-DBFE-AA848D06431C}
		{EC447DCF-ABFA-6E24-52A5-D7FD48A5C558} = {827E0CD3-B72D-47B6-A68D-7590B98EB39B}
		{0EC62A1A-9858-3A60-8A0C-FC9AACFA2EC7} = {EC447DCF-ABFA-6E24-52A5-D7FD48A5C558}
		{A294252F-BD2E-4E7F-B45E-45776C41C090} = {0EC62A1A-9858-3A60-8A0C-FC9AACFA2EC7}
		{1E1EF545-4C18-AEE2-B997-7EF431518D3F} = {EC447DCF-ABFA-6E24-52A5-D7FD48A5C558}
		{5179F080-6B23-4675-BED1-C2A12D20A27E} = {1E1EF545-4C18-AEE2-B997-7EF431518D3F}
	EndGlobalSection
EndGlobal
